{
  "name": "simple-knn-project",
  "version": "1.0.0",
  "lockfileVersion": 3,
  "requires": true,
  "packages": {
    "": {
      "name": "simple-knn-project",
      "version": "1.0.0",
      "license": "ISC",
      "dependencies": {
        "ml-knn": "^3.0.0"
      }
    },
    "node_modules/ml-distance-euclidean": {
      "version": "2.0.0",
      "resolved": "https://registry.npmjs.org/ml-distance-euclidean/-/ml-distance-euclidean-2.0.0.tgz",
      "integrity": "sha512-yC9/2o8QF0A3m/0IXqCTXCzz2pNEzvmcE/9HFKOZGnTjatvBbsn4lWYJkxENkA4Ug2fnYl7PXQxnPi21sgMy/Q==",
      "license": "MIT"
    },
    "node_modules/ml-knn": {
      "version": "3.0.0",
      "resolved": "https://registry.npmjs.org/ml-knn/-/ml-knn-3.0.0.tgz",
      "integrity": "sha512-w7Jig4vW09OYMurlIRRJj8yL2O/835QJpxup+yW7QVYXSjixmanPtPQL+weiTYbaB/wWX8JilB+Wllk4mxvP5w==",
      "license": "MIT",
      "dependencies": {
        "ml-distance-euclidean": "^2.0.0"
      }
    }
  }
}
